
Microsoft Visual Studio Solution File, Format Version 12.00
# Visual Studio Version 16
VisualStudioVersion = 16.0.29519.87
MinimumVisualStudioVersion = 10.0.40219.1
Project("{FAE04EC0-301F-11D3-BF4B-00C04F79EFBC}") = "HomeTask4.Cmd", "HomeTask4.Cmd\HomeTask4.Cmd.csproj", "{9E4AC0F6-F542-4B33-8307-FAF75A708FF6}"
EndProject
Project("{FAE04EC0-301F-11D3-BF4B-00C04F79EFBC}") = "HomeTask4.SharedKernel", "HomeTask4.SharedKernel\HomeTask4.SharedKernel.csproj", "{792ED5A5-9573-46A3-9E68-C5200343FB7E}"
EndProject
Project("{FAE04EC0-301F-11D3-BF4B-00C04F79EFBC}") = "HomeTask4.Infrastructure", "HomeTask4.Infrastructure\HomeTask4.Infrastructure.csproj", "{9F232734-350D-4900-A659-3A43268276DD}"
EndProject
Project("{FAE04EC0-301F-11D3-BF4B-00C04F79EFBC}") = "HomeTask4.Core", "HomeTask4.Core\HomeTask4.Core.csproj", "{F0AF25DB-C648-42BD-9267-1AD5829C21AA}"
EndProject
Global
	GlobalSection(SolutionConfigurationPlatforms) = preSolution
		Debug|Any CPU = Debug|Any CPU
		Release|Any CPU = Release|Any CPU
	EndGlobalSection
	GlobalSection(ProjectConfigurationPlatforms) = postSolution
		{9E4AC0F6-F542-4B33-8307-FAF75A708FF6}.Debug|Any CPU.ActiveCfg = Debug|Any CPU
		{9E4AC0F6-F542-4B33-8307-FAF75A708FF6}.Debug|Any CPU.Build.0 = Debug|Any CPU
		{9E4AC0F6-F542-4B33-8307-FAF75A708FF6}.Release|Any CPU.ActiveCfg = Release|Any CPU
		{9E4AC0F6-F542-4B33-8307-FAF75A708FF6}.Release|Any CPU.Build.0 = Release|Any CPU
		{792ED5A5-9573-46A3-9E68-C5200343FB7E}.Debug|Any CPU.ActiveCfg = Debug|Any CPU
		{792ED5A5-9573-46A3-9E68-C5200343FB7E}.Debug|Any CPU.Build.0 = Debug|Any CPU
		{792ED5A5-9573-46A3-9E68-C5200343FB7E}.Release|Any CPU.ActiveCfg = Release|Any CPU
		{792ED5A5-9573-46A3-9E68-C5200343FB7E}.Release|Any CPU.Build.0 = Release|Any CPU
		{9F232734-350D-4900-A659-3A43268276DD}.Debug|Any CPU.ActiveCfg = Debug|Any CPU
		{9F232734-350D-4900-A659-3A43268276DD}.Debug|Any CPU.Build.0 = Debug|Any CPU
		{9F232734-350D-4900-A659-3A43268276DD}.Release|Any CPU.ActiveCfg = Release|Any CPU
		{9F232734-350D-4900-A659-3A43268276DD}.Release|Any CPU.Build.0 = Release|Any CPU
		{F0AF25DB-C648-42BD-9267-1AD5829C21AA}.Debug|Any CPU.ActiveCfg = Debug|Any CPU
		{F0AF25DB-C648-42BD-9267-1AD5829C21AA}.Debug|Any CPU.Build.0 = Debug|Any CPU
		{F0AF25DB-C648-42BD-9267-1AD5829C21AA}.Release|Any CPU.ActiveCfg = Release|Any CPU
		{F0AF25DB-C648-42BD-9267-1AD5829C21AA}.Release|Any CPU.Build.0 = Release|Any CPU
	EndGlobalSection
	GlobalSection(SolutionProperties) = preSolution
		HideSolutionNode = FALSE
	EndGlobalSection
	GlobalSection(ExtensibilityGlobals) = postSolution
		SolutionGuid = {B960F70A-3661-418B-B7B0-1B5A32DC84C7}
	EndGlobalSection
EndGlobal
